
Microsoft Visual Studio Solution File, Format Version 12.00
# Visual Studio Version 17
VisualStudioVersion = 17.2.32519.379
MinimumVisualStudioVersion = 10.0.40219.1
Project("{9A19103F-16F7-4668-BE54-9A1E7A4F7556}") = "Design", "Design\Design.csproj", "{9D8D9F11-6A19-4061-9768-8DCC71BA4318}"
EndProject
Global
	GlobalSection(SolutionConfigurationPlatforms) = preSolution
		Debug|Any CPU = Debug|Any CPU
		Release|Any CPU = Release|Any CPU
	EndGlobalSection
	GlobalSection(ProjectConfigurationPlatforms) = postSolution
		{9D8D9F11-6A19-4061-9768-8DCC71BA4318}.Debug|Any CPU.ActiveCfg = Debug|Any CPU
		{9D8D9F11-6A19-4061-9768-8DCC71BA4318}.Debug|Any CPU.Build.0 = Debug|Any CPU
		{9D8D9F11-6A19-4061-9768-8DCC71BA4318}.Release|Any CPU.ActiveCfg = Release|Any CPU
		{9D8D9F11-6A19-4061-9768-8DCC71BA4318}.Release|Any CPU.Build.0 = Release|Any CPU
	EndGlobalSection
	GlobalSection(SolutionProperties) = preSolution
		HideSolutionNode = FALSE
	EndGlobalSection
	GlobalSection(ExtensibilityGlobals) = postSolution
		SolutionGuid = {B1970E3E-E8F7-43B5-AC80-84AE96C90334}
	EndGlobalSection
EndGlobal
